# This file is autogenerated, do not edit; changes may be undone by the next 'dep ensure'.


[[projects]]
  name = "github.com/aws/aws-lambda-go"
  packages = [
    "events",
    "lambda",
    "lambda/messages",
    "lambdacontext"
  ]
  revision = "fafa7e49388b8991caf99308e80655ba91816b72"
  version = "v1.1.0"

[[projects]]
  name = "github.com/davecgh/go-spew"
  packages = ["spew"]
  revision = "346938d642f2ec3594ed81d874461961cd0faa76"
  version = "v1.1.0"

[[projects]]
  branch = "master"
  name = "github.com/golang/gddo"
  packages = [
    "httputil",
    "httputil/header"
  ]
  revision = "052378f5476869804f44ab61df2243a80ff3518f"

[[projects]]
  name = "github.com/jjeffery/errors"
  packages = ["."]
  revision = "a34a51e66ce34c250486f85f1822c884f8dee966"
  version = "v1.0.1"

[[projects]]
  name = "github.com/jjeffery/kv"
  packages = ["."]
  revision = "e16ed12583c8a365f8ae714c7564eeef173447dc"
  version = "v1.0"

[solve-meta]
  analyzer-name = "dep"
  analyzer-version = 1
  inputs-digest = "76f12028528c1dbcb4385ff600ca10964770f7899b9f6cf8b0d1b45a58b8533d"
  solver-name = "gps-cdcl"
  solver-version = 1
