# This file is autogenerated, do not edit; changes may be undone by the next 'dep ensure'.


[[projects]]
  name = "github.com/aws/aws-lambda-go"
  packages = [
    "events",
    "lambda",
    "lambda/messages",
    "lambdacontext"
  ]
  revision = "fafa7e49388b8991caf99308e80655ba91816b72"
  version = "v1.1.0"

[[projects]]
  name = "github.com/davecgh/go-spew"
  packages = ["spew"]
  revision = "346938d642f2ec3594ed81d874461961cd0faa76"
  version = "v1.1.0"

[[projects]]
  name = "github.com/jjeffery/errors"
  packages = ["."]
  revision = "a34a51e66ce34c250486f85f1822c884f8dee966"
  version = "v1.0.1"

[[projects]]
  name = "github.com/jjeffery/kv"
  packages = ["."]
  revision = "e16ed12583c8a365f8ae714c7564eeef173447dc"
  version = "v1.0"

[solve-meta]
  analyzer-name = "dep"
  analyzer-version = 1
  inputs-digest = "5e5843495e4e00984be68a44306e3f68f439657933230b36ce348359a199bcde"
  solver-name = "gps-cdcl"
  solver-version = 1
